// !$*UTF8*$!
{
	archiveVersion = 1;
	classes = {
	};
	objectVersion = 55;
	objects = {

/* Begin PBXBuildFile section */
		ED6E1C6128E0B21C00A9E4CD /* AppDelegate.swift in Sources */ = {isa = PBXBuildFile; fileRef = ED6E1C6028E0B21C00A9E4CD /* AppDelegate.swift */; };
		ED6E1C6328E0B21C00A9E4CD /* SceneDelegate.swift in Sources */ = {isa = PBXBuildFile; fileRef = ED6E1C6228E0B21C00A9E4CD /* SceneDelegate.swift */; };
		ED6E1C6528E0B21C00A9E4CD /* ViewController.swift in Sources */ = {isa = PBXBuildFile; fileRef = ED6E1C6428E0B21C00A9E4CD /* ViewController.swift */; };
		ED6E1C6828E0B21C00A9E4CD /* Main.storyboard in Resources */ = {isa = PBXBuildFile; fileRef = ED6E1C6628E0B21C00A9E4CD /* Main.storyboard */; };
		ED6E1C6A28E0B21E00A9E4CD /* Assets.xcassets in Resources */ = {isa = PBXBuildFile; fileRef = ED6E1C6928E0B21E00A9E4CD /* Assets.xcassets */; };
		ED6E1C6D28E0B21E00A9E4CD /* LaunchScreen.storyboard in Resources */ = {isa = PBXBuildFile; fileRef = ED6E1C6B28E0B21E00A9E4CD /* LaunchScreen.storyboard */; };
		ED866D1B28E1176D00D08D96 /* SecondVC.swift in Sources */ = {isa = PBXBuildFile; fileRef = ED866D1A28E1176D00D08D96 /* SecondVC.swift */; };
		ED866D1D28E119A800D08D96 /* FamilyGuy.swift in Sources */ = {isa = PBXBuildFile; fileRef = ED866D1C28E119A800D08D96 /* FamilyGuy.swift */; };
/* End PBXBuildFile section */

/* Begin PBXFileReference section */
		ED6E1C5D28E0B21C00A9E4CD /* Family Guy Book.app */ = {isa = PBXFileReference; explicitFileType = wrapper.application; includeInIndex = 0; path = "Family Guy Book.app"; sourceTree = BUILT_PRODUCTS_DIR; };
		ED6E1C6028E0B21C00A9E4CD /* AppDelegate.swift */ = {isa = PBXFileReference; lastKnownFileType = sourcecode.swift; path = AppDelegate.swift; sourceTree = "<group>"; };
		ED6E1C6228E0B21C00A9E4CD /* SceneDelegate.swift */ = {isa = PBXFileReference; lastKnownFileType = sourcecode.swift; path = SceneDelegate.swift; sourceTree = "<group>"; };
		ED6E1C6428E0B21C00A9E4CD /* ViewController.swift */ = {isa = PBXFileReference; lastKnownFileType = sourcecode.swift; path = ViewController.swift; sourceTree = "<group>"; };
		ED6E1C6728E0B21C00A9E4CD /* Base */ = {isa = PBXFileReference; lastKnownFileType = file.storyboard; name = Base; path = Base.lproj/Main.storyboard; sourceTree = "<group>"; };
		ED6E1C6928E0B21E00A9E4CD /* Assets.xcassets */ = {isa = PBXFileReference; lastKnownFileType = folder.assetcatalog; path = Assets.xcassets; sourceTree = "<group>"; };
		ED6E1C6C28E0B21E00A9E4CD /* Base */ = {isa = PBXFileReference; lastKnownFileType = file.storyboard; name = Base; path = Base.lproj/LaunchScreen.storyboard; sourceTree = "<group>"; };
		ED6E1C6E28E0B21E00A9E4CD /* Info.plist */ = {isa = PBXFileReference; lastKnownFileType = text.plist.xml; path = Info.plist; sourceTree = "<group>"; };
		ED866D1A28E1176D00D08D96 /* SecondVC.swift */ = {isa = PBXFileReference; lastKnownFileType = sourcecode.swift; path = SecondVC.swift; sourceTree = "<group>"; };
		ED866D1C28E119A800D08D96 /* FamilyGuy.swift */ = {isa = PBXFileReference; lastKnownFileType = sourcecode.swift; path = FamilyGuy.swift; sourceTree = "<group>"; };
/* End PBXFileReference section */

/* Begin PBXFrameworksBuildPhase section */
		ED6E1C5A28E0B21C00A9E4CD /* Frameworks */ = {
			isa = PBXFrameworksBuildPhase;
			buildActionMask = 2147483647;
			files = (
			);
			runOnlyForDeploymentPostprocessing = 0;
		};
/* End PBXFrameworksBuildPhase section */

/* Begin PBXGroup section */
		ED6E1C5428E0B21C00A9E4CD = {
			isa = PBXGroup;
			children = (
				ED6E1C5F28E0B21C00A9E4CD /* Family Guy Book */,
				ED6E1C5E28E0B21C00A9E4CD /* Products */,
			);
			sourceTree = "<group>";
		};
		ED6E1C5E28E0B21C00A9E4CD /* Products */ = {
			isa = PBXGroup;
			children = (
				ED6E1C5D28E0B21C00A9E4CD /* Family Guy Book.app */,
			);
			name = Products;
			sourceTree = "<group>";
		};
		ED6E1C5F28E0B21C00A9E4CD /* Family Guy Book */ = {
			isa = PBXGroup;
			children = (
				ED6E1C6028E0B21C00A9E4CD /* AppDelegate.swift */,
				ED6E1C6228E0B21C00A9E4CD /* SceneDelegate.swift */,
				ED6E1C6428E0B21C00A9E4CD /* ViewController.swift */,
				ED866D1A28E1176D00D08D96 /* SecondVC.swift */,
				ED866D1C28E119A800D08D96 /* FamilyGuy.swift */,
				ED6E1C6628E0B21C00A9E4CD /* Main.storyboard */,
				ED6E1C6928E0B21E00A9E4CD /* Assets.xcassets */,
				ED6E1C6B28E0B21E00A9E4CD /* LaunchScreen.storyboard */,
				ED6E1C6E28E0B21E00A9E4CD /* Info.plist */,
			);
			path = "Family Guy Book";
			sourceTree = "<group>";
		};
/* End PBXGroup section */

/* Begin PBXNativeTarget section */
		ED6E1C5C28E0B21C00A9E4CD /* Family Guy Book */ = {
			isa = PBXNativeTarget;
			buildConfigurationList = ED6E1C7128E0B21E00A9E4CD /* Build configuration list for PBXNativeTarget "Family Guy Book" */;
			buildPhases = (
				ED6E1C5928E0B21C00A9E4CD /* Sources */,
				ED6E1C5A28E0B21C00A9E4CD /* Frameworks */,
				ED6E1C5B28E0B21C00A9E4CD /* Resources */,
			);
			buildRules = (
			);
			dependencies = (
			);
			name = "Family Guy Book";
			productName = "Family Guy Book";
			productReference = ED6E1C5D28E0B21C00A9E4CD /* Family Guy Book.app */;
			productType = "com.apple.product-type.application";
		};
/* End PBXNativeTarget section */

/* Begin PBXProject section */
		ED6E1C5528E0B21C00A9E4CD /* Project object */ = {
			isa = PBXProject;
			attributes = {
				BuildIndependentTargetsInParallel = 1;
				LastSwiftUpdateCheck = 1340;
				LastUpgradeCheck = 1340;
				TargetAttributes = {
					ED6E1C5C28E0B21C00A9E4CD = {
						CreatedOnToolsVersion = 13.4.1;
					};
				};
			};
			buildConfigurationList = ED6E1C5828E0B21C00A9E4CD /* Build configuration list for PBXProject "Family Guy Book" */;
			compatibilityVersion = "Xcode 13.0";
			developmentRegion = en;
			hasScannedForEncodings = 0;
			knownRegions = (
				en,
				Base,
			);
			mainGroup = ED6E1C5428E0B21C00A9E4CD;
			productRefGroup = ED6E1C5E28E0B21C00A9E4CD /* Products */;
			projectDirPath = "";
			projectRoot = "";
			targets = (
				ED6E1C5C28E0B21C00A9E4CD /* Family Guy Book */,
			);
		};
/* End PBXProject section */

/* Begin PBXResourcesBuildPhase section */
		ED6E1C5B28E0B21C00A9E4CD /* Resources */ = {
			isa = PBXResourcesBuildPhase;
			buildActionMask = 2147483647;
			files = (
				ED6E1C6D28E0B21E00A9E4CD /* LaunchScreen.storyboard in Resources */,
				ED6E1C6A28E0B21E00A9E4CD /* Assets.xcassets in Resources */,
				ED6E1C6828E0B21C00A9E4CD /* Main.storyboard in Resources */,
			);
			runOnlyForDeploymentPostprocessing = 0;
		};
/* End PBXResourcesBuildPhase section */

/* Begin PBXSourcesBuildPhase section */
		ED6E1C5928E0B21C00A9E4CD /* Sources */ = {
			isa = PBXSourcesBuildPhase;
			buildActionMask = 2147483647;
			files = (
				ED866D1D28E119A800D08D96 /* FamilyGuy.swift in Sources */,
				ED6E1C6528E0B21C00A9E4CD /* ViewController.swift in Sources */,
				ED6E1C6128E0B21C00A9E4CD /* AppDelegate.swift in Sources */,
				ED866D1B28E1176D00D08D96 /* SecondVC.swift in Sources */,
				ED6E1C6328E0B21C00A9E4CD /* SceneDelegate.swift in Sources */,
			);
			runOnlyForDeploymentPostprocessing = 0;
		};
/* End PBXSourcesBuildPhase section */

/* Begin PBXVariantGroup section */
		ED6E1C6628E0B21C00A9E4CD /* Main.storyboard */ = {
			isa = PBXVariantGroup;
			children = (
				ED6E1C6728E0B21C00A9E4CD /* Base */,
			);
			name = Main.storyboard;
			sourceTree = "<group>";
		};
		ED6E1C6B28E0B21E00A9E4CD /* LaunchScreen.storyboard */ = {
			isa = PBXVariantGroup;
			children = (
				ED6E1C6C28E0B21E00A9E4CD /* Base */,
			);
			name = LaunchScreen.storyboard;
			sourceTree = "<group>";
		};
/* End PBXVariantGroup section */

/* Begin XCBuildConfiguration section */
		ED6E1C6F28E0B21E00A9E4CD /* Debug */ = {
			isa = XCBuildConfiguration;
			buildSettings = {
				ALWAYS_SEARCH_USER_PATHS = NO;
				CLANG_ANALYZER_NONNULL = YES;
				CLANG_ANALYZER_NUMBER_OBJECT_CONVERSION = YES_AGGRESSIVE;
				CLANG_CXX_LANGUAGE_STANDARD = "gnu++17";
				CLANG_ENABLE_MODULES = YES;
				CLANG_ENABLE_OBJC_ARC = YES;
				CLANG_ENABLE_OBJC_WEAK = YES;
				CLANG_WARN_BLOCK_CAPTURE_AUTORELEASING = YES;
				CLANG_WARN_BOOL_CONVERSION = YES;
				CLANG_WARN_COMMA = YES;
				CLANG_WARN_CONSTANT_CONVERSION = YES;
				CLANG_WARN_DEPRECATED_OBJC_IMPLEMENTATIONS = YES;
				CLANG_WARN_DIRECT_OBJC_ISA_USAGE = YES_ERROR;
				CLANG_WARN_DOCUMENTATION_COMMENTS = YES;
				CLANG_WARN_EMPTY_BODY = YES;
				CLANG_WARN_ENUM_CONVERSION = YES;
				CLANG_WARN_INFINITE_RECURSION = YES;
				CLANG_WARN_INT_CONVERSION = YES;
				CLANG_WARN_NON_LITERAL_NULL_CONVERSION = YES;
				CLANG_WARN_OBJC_IMPLICIT_RETAIN_SELF = YES;
				CLANG_WARN_OBJC_LITERAL_CONVERSION = YES;
				CLANG_WARN_OBJC_ROOT_CLASS = YES_ERROR;
				CLANG_WARN_QUOTED_INCLUDE_IN_FRAMEWORK_HEADER = YES;
				CLANG_WARN_RANGE_LOOP_ANALYSIS = YES;
				CLANG_WARN_STRICT_PROTOTYPES = YES;
				CLANG_WARN_SUSPICIOUS_MOVE = YES;
				CLANG_WARN_UNGUARDED_AVAILABILITY = YES_AGGRESSIVE;
				CLANG_WARN_UNREACHABLE_CODE = YES;
				CLANG_WARN__DUPLICATE_METHOD_MATCH = YES;
				COPY_PHASE_STRIP = NO;
				DEBUG_INFORMATION_FORMAT = dwarf;
				ENABLE_STRICT_OBJC_MSGSEND = YES;
				ENABLE_TESTABILITY = YES;
				GCC_C_LANGUAGE_STANDARD = gnu11;
				GCC_DYNAMIC_NO_PIC = NO;
				GCC_NO_COMMON_BLOCKS = YES;
				GCC_OPTIMIZATION_LEVEL = 0;
				GCC_PREPROCESSOR_DEFINITIONS = (
					"DEBUG=1",
					"$(inherited)",
				);
				GCC_WARN_64_TO_32_BIT_CONVERSION = YES;
				GCC_WARN_ABOUT_RETURN_TYPE = YES_ERROR;
				GCC_WARN_UNDECLARED_SELECTOR = YES;
				GCC_WARN_UNINITIALIZED_AUTOS = YES_AGGRESSIVE;
				GCC_WARN_UNUSED_FUNCTION = YES;
				GCC_WARN_UNUSED_VARIABLE = YES;
				IPHONEOS_DEPLOYMENT_TARGET = 15.5;
				MTL_ENABLE_DEBUG_INFO = INCLUDE_SOURCE;
				MTL_FAST_MATH = YES;
				ONLY_ACTIVE_ARCH = YES;
				SDKROOT = iphoneos;
				SWIFT_ACTIVE_COMPILATION_CONDITIONS = DEBUG;
				SWIFT_OPTIMIZATION_LEVEL = "-Onone";
			};
			name = Debug;
		};
		ED6E1C7028E0B21E00A9E4CD /* Release */ = {
			isa = XCBuildConfiguration;
			buildSettings = {
				ALWAYS_SEARCH_USER_PATHS = NO;
				CLANG_ANALYZER_NONNULL = YES;
				CLANG_ANALYZER_NUMBER_OBJECT_CONVERSION = YES_AGGRESSIVE;
				CLANG_CXX_LANGUAGE_STANDARD = "gnu++17";
				CLANG_ENABLE_MODULES = YES;
				CLANG_ENABLE_OBJC_ARC = YES;
				CLANG_ENABLE_OBJC_WEAK = YES;
				CLANG_WARN_BLOCK_CAPTURE_AUTORELEASING = YES;
				CLANG_WARN_BOOL_CONVERSION = YES;
				CLANG_WARN_COMMA = YES;
				CLANG_WARN_CONSTANT_CONVERSION = YES;
				CLANG_WARN_DEPRECATED_OBJC_IMPLEMENTATIONS = YES;
				CLANG_WARN_DIRECT_OBJC_ISA_USAGE = YES_ERROR;
				CLANG_WARN_DOCUMENTATION_COMMENTS = YES;
				CLANG_WARN_EMPTY_BODY = YES;
				CLANG_WARN_ENUM_CONVERSION = YES;
				CLANG_WARN_INFINITE_RECURSION = YES;
				CLANG_WARN_INT_CONVERSION = YES;
				CLANG_WARN_NON_LITERAL_NULL_CONVERSION = YES;
				CLANG_WARN_OBJC_IMPLICIT_RETAIN_SELF = YES;
				CLANG_WARN_OBJC_LITERAL_CONVERSION = YES;
				CLANG_WARN_OBJC_ROOT_CLASS = YES_ERROR;
				CLANG_WARN_QUOTED_INCLUDE_IN_FRAMEWORK_HEADER = YES;
				CLANG_WARN_RANGE_LOOP_ANALYSIS = YES;
				CLANG_WARN_STRICT_PROTOTYPES = YES;
				CLANG_WARN_SUSPICIOUS_MOVE = YES;
				CLANG_WARN_UNGUARDED_AVAILABILITY = YES_AGGRESSIVE;
				CLANG_WARN_UNREACHABLE_CODE = YES;
				CLANG_WARN__DUPLICATE_METHOD_MATCH = YES;
				COPY_PHASE_STRIP = NO;
				DEBUG_INFORMATION_FORMAT = "dwarf-with-dsym";
				ENABLE_NS_ASSERTIONS = NO;
				ENABLE_STRICT_OBJC_MSGSEND = YES;
				GCC_C_LANGUAGE_STANDARD = gnu11;
				GCC_NO_COMMON_BLOCKS = YES;
				GCC_WARN_64_TO_32_BIT_CONVERSION = YES;
				GCC_WARN_ABOUT_RETURN_TYPE = YES_ERROR;
				GCC_WARN_UNDECLARED_SELECTOR = YES;
				GCC_WARN_UNINITIALIZED_AUTOS = YES_AGGRESSIVE;
				GCC_WARN_UNUSED_FUNCTION = YES;
				GCC_WARN_UNUSED_VARIABLE = YES;
				IPHONEOS_DEPLOYMENT_TARGET = 15.5;
				MTL_ENABLE_DEBUG_INFO = NO;
				MTL_FAST_MATH = YES;
				SDKROOT = iphoneos;
				SWIFT_COMPILATION_MODE = wholemodule;
				SWIFT_OPTIMIZATION_LEVEL = "-O";
				VALIDATE_PRODUCT = YES;
			};
			name = Release;
		};
		ED6E1C7228E0B21E00A9E4CD /* Debug */ = {
			isa = XCBuildConfiguration;
			buildSettings = {
				ASSETCATALOG_COMPILER_APPICON_NAME = AppIcon;
				ASSETCATALOG_COMPILER_GLOBAL_ACCENT_COLOR_NAME = AccentColor;
				CODE_SIGN_STYLE = Automatic;
				CURRENT_PROJECT_VERSION = 1;
				GENERATE_INFOPLIST_FILE = YES;
				INFOPLIST_FILE = "Family Guy Book/Info.plist";
				INFOPLIST_KEY_UIApplicationSupportsIndirectInputEvents = YES;
				INFOPLIST_KEY_UILaunchStoryboardName = LaunchScreen;
				INFOPLIST_KEY_UIMainStoryboardFile = Main;
				INFOPLIST_KEY_UISupportedInterfaceOrientations_iPad = "UIInterfaceOrientationPortrait UIInterfaceOrientationPortraitUpsideDown UIInterfaceOrientationLandscapeLeft UIInterfaceOrientationLandscapeRight";
				INFOPLIST_KEY_UISupportedInterfaceOrientations_iPhone = "UIInterfaceOrientationPortrait UIInterfaceOrientationLandscapeLeft UIInterfaceOrientationLandscapeRight";
				LD_RUNPATH_SEARCH_PATHS = (
					"$(inherited)",
					"@executable_path/Frameworks",
				);
				MARKETING_VERSION = 1.0;
				PRODUCT_BUNDLE_IDENTIFIER = "com.msnbek.Family-Guy-Book";
				PRODUCT_NAME = "$(TARGET_NAME)";
				SWIFT_EMIT_LOC_STRINGS = YES;
				SWIFT_VERSION = 5.0;
				TARGETED_DEVICE_FAMILY = "1,2";
			};
			name = Debug;
		};
		ED6E1C7328E0B21E00A9E4CD /* Release */ = {
			isa = XCBuildConfiguration;
			buildSettings = {
				ASSETCATALOG_COMPILER_APPICON_NAME = AppIcon;
				ASSETCATALOG_COMPILER_GLOBAL_ACCENT_COLOR_NAME = AccentColor;
				CODE_SIGN_STYLE = Automatic;
				CURRENT_PROJECT_VERSION = 1;
				GENERATE_INFOPLIST_FILE = YES;
				INFOPLIST_FILE = "Family Guy Book/Info.plist";
				INFOPLIST_KEY_UIApplicationSupportsIndirectInputEvents = YES;
				INFOPLIST_KEY_UILaunchStoryboardName = LaunchScreen;
				INFOPLIST_KEY_UIMainStoryboardFile = Main;
				INFOPLIST_KEY_UISupportedInterfaceOrientations_iPad = "UIInterfaceOrientationPortrait UIInterfaceOrientationPortraitUpsideDown UIInterfaceOrientationLandscapeLeft UIInterfaceOrientationLandscapeRight";
				INFOPLIST_KEY_UISupportedInterfaceOrientations_iPhone = "UIInterfaceOrientationPortrait UIInterfaceOrientationLandscapeLeft UIInterfaceOrientationLandscapeRight";
				LD_RUNPATH_SEARCH_PATHS = (
					"$(inherited)",
					"@executable_path/Frameworks",
				);
				MARKETING_VERSION = 1.0;
				PRODUCT_BUNDLE_IDENTIFIER = "com.msnbek.Family-Guy-Book";
				PRODUCT_NAME = "$(TARGET_NAME)";
				SWIFT_EMIT_LOC_STRINGS = YES;
				SWIFT_VERSION = 5.0;
				TARGETED_DEVICE_FAMILY = "1,2";
			};
			name = Release;
		};
/* End XCBuildConfiguration section */

/* Begin XCConfigurationList section */
		ED6E1C5828E0B21C00A9E4CD /* Build configuration list for PBXProject "Family Guy Book" */ = {
			isa = XCConfigurationList;
			buildConfigurations = (
				ED6E1C6F28E0B21E00A9E4CD /* Debug */,
				ED6E1C7028E0B21E00A9E4CD /* Release */,
			);
			defaultConfigurationIsVisible = 0;
			defaultConfigurationName = Release;
		};
		ED6E1C7128E0B21E00A9E4CD /* Build configuration list for PBXNativeTarget "Family Guy Book" */ = {
			isa = XCConfigurationList;
			buildConfigurations = (
				ED6E1C7228E0B21E00A9E4CD /* Debug */,
				ED6E1C7328E0B21E00A9E4CD /* Release */,
			);
			defaultConfigurationIsVisible = 0;
			defaultConfigurationName = Release;
		};
/* End XCConfigurationList section */
	};
	rootObject = ED6E1C5528E0B21C00A9E4CD /* Project object */;
}
